
Microsoft Visual Studio Solution File, Format Version 12.00
# Visual Studio Version 17
VisualStudioVersion = 17.9.34728.123
MinimumVisualStudioVersion = 10.0.40219.1
Project("{FAE04EC0-301F-11D3-BF4B-00C04F79EFBC}") = "SvgClassDiagramGenerator", "SvgClassDiagramGenerator\SvgClassDiagramGenerator.csproj", "{3D6D8C62-E434-419C-B73D-7E762BC53726}"
EndProject
Global
	GlobalSection(SolutionConfigurationPlatforms) = preSolution
		Debug|Any CPU = Debug|Any CPU
		Release|Any CPU = Release|Any CPU
	EndGlobalSection
	GlobalSection(ProjectConfigurationPlatforms) = postSolution
		{3D6D8C62-E434-419C-B73D-7E762BC53726}.Debug|Any CPU.ActiveCfg = Debug|Any CPU
		{3D6D8C62-E434-419C-B73D-7E762BC53726}.Debug|Any CPU.Build.0 = Debug|Any CPU
		{3D6D8C62-E434-419C-B73D-7E762BC53726}.Release|Any CPU.ActiveCfg = Release|Any CPU
		{3D6D8C62-E434-419C-B73D-7E762BC53726}.Release|Any CPU.Build.0 = Release|Any CPU
	EndGlobalSection
	GlobalSection(SolutionProperties) = preSolution
		HideSolutionNode = FALSE
	EndGlobalSection
	GlobalSection(ExtensibilityGlobals) = postSolution
		SolutionGuid = {463ABECE-2B3E-4422-BC64-30BB8AD3E6F6}
	EndGlobalSection
EndGlobal
